
Microsoft Visual Studio Solution File, Format Version 12.00
# Visual Studio Version 17
VisualStudioVersion = 17.6.33829.357
MinimumVisualStudioVersion = 10.0.40219.1
Project("{FAE04EC0-301F-11D3-BF4B-00C04F79EFBC}") = "ApiTest", "ApiTest\ApiTest.csproj", "{C3872B44-C2FB-40B5-8FE5-29C257F3E9B0}"
EndProject
Global
	GlobalSection(SolutionConfigurationPlatforms) = preSolution
		Debug|Any CPU = Debug|Any CPU
		Release|Any CPU = Release|Any CPU
	EndGlobalSection
	GlobalSection(ProjectConfigurationPlatforms) = postSolution
		{C3872B44-C2FB-40B5-8FE5-29C257F3E9B0}.Debug|Any CPU.ActiveCfg = Debug|Any CPU
		{C3872B44-C2FB-40B5-8FE5-29C257F3E9B0}.Debug|Any CPU.Build.0 = Debug|Any CPU
		{C3872B44-C2FB-40B5-8FE5-29C257F3E9B0}.Release|Any CPU.ActiveCfg = Release|Any CPU
		{C3872B44-C2FB-40B5-8FE5-29C257F3E9B0}.Release|Any CPU.Build.0 = Release|Any CPU
	EndGlobalSection
	GlobalSection(SolutionProperties) = preSolution
		HideSolutionNode = FALSE
	EndGlobalSection
	GlobalSection(ExtensibilityGlobals) = postSolution
		SolutionGuid = {71F26537-F314-4D4C-9DB3-D701645628E7}
	EndGlobalSection
EndGlobal
